// !$*UTF8*$!
{
	archiveVersion = 1;
	classes = {
	};
	objectVersion = 77;
	objects = {

/* Begin PBXContainerItemProxy section */
		F635685A2D08A800004DA3AD /* PBXContainerItemProxy */ = {
			isa = PBXContainerItemProxy;
			containerPortal = F635683B2D08A7FF004DA3AD /* Project object */;
			proxyType = 1;
			remoteGlobalIDString = F63568422D08A7FF004DA3AD;
			remoteInfo = GraffitiCraft;
		};
		F63568642D08A800004DA3AD /* PBXContainerItemProxy */ = {
			isa = PBXContainerItemProxy;
			containerPortal = F635683B2D08A7FF004DA3AD /* Project object */;
			proxyType = 1;
			remoteGlobalIDString = F63568422D08A7FF004DA3AD;
			remoteInfo = GraffitiCraft;
		};
/* End PBXContainerItemProxy section */

/* Begin PBXFileReference section */
		F63568432D08A7FF004DA3AD /* GraffitiCraft.app */ = {isa = PBXFileReference; explicitFileType = wrapper.application; includeInIndex = 0; path = GraffitiCraft.app; sourceTree = BUILT_PRODUCTS_DIR; };
		F63568592D08A800004DA3AD /* GraffitiCraftTests.xctest */ = {isa = PBXFileReference; explicitFileType = wrapper.cfbundle; includeInIndex = 0; path = GraffitiCraftTests.xctest; sourceTree = BUILT_PRODUCTS_DIR; };
		F63568632D08A800004DA3AD /* GraffitiCraftUITests.xctest */ = {isa = PBXFileReference; explicitFileType = wrapper.cfbundle; includeInIndex = 0; path = GraffitiCraftUITests.xctest; sourceTree = BUILT_PRODUCTS_DIR; };
/* End PBXFileReference section */

/* Begin PBXFileSystemSynchronizedBuildFileExceptionSet section */
		F635686B2D08A800004DA3AD /* Exceptions for "GraffitiCraft" folder in "GraffitiCraft" target */ = {
			isa = PBXFileSystemSynchronizedBuildFileExceptionSet;
			membershipExceptions = (
				Info.plist,
			);
			target = F63568422D08A7FF004DA3AD /* GraffitiCraft */;
		};
/* End PBXFileSystemSynchronizedBuildFileExceptionSet section */

/* Begin PBXFileSystemSynchronizedRootGroup section */
		F63568452D08A7FF004DA3AD /* GraffitiCraft */ = {
			isa = PBXFileSystemSynchronizedRootGroup;
			exceptions = (
				F635686B2D08A800004DA3AD /* Exceptions for "GraffitiCraft" folder in "GraffitiCraft" target */,
			);
			path = GraffitiCraft;
			sourceTree = "<group>";
		};
		F635685C2D08A800004DA3AD /* GraffitiCraftTests */ = {
			isa = PBXFileSystemSynchronizedRootGroup;
			path = GraffitiCraftTests;
			sourceTree = "<group>";
		};
		F63568662D08A800004DA3AD /* GraffitiCraftUITests */ = {
			isa = PBXFileSystemSynchronizedRootGroup;
			path = GraffitiCraftUITests;
			sourceTree = "<group>";
		};
/* End PBXFileSystemSynchronizedRootGroup section */

/* Begin PBXFrameworksBuildPhase section */
		F63568402D08A7FF004DA3AD /* Frameworks */ = {
			isa = PBXFrameworksBuildPhase;
			buildActionMask = 2147483647;
			files = (
			);
			runOnlyForDeploymentPostprocessing = 0;
		};
		F63568562D08A800004DA3AD /* Frameworks */ = {
			isa = PBXFrameworksBuildPhase;
			buildActionMask = 2147483647;
			files = (
			);
			runOnlyForDeploymentPostprocessing = 0;
		};
		F63568602D08A800004DA3AD /* Frameworks */ = {
			isa = PBXFrameworksBuildPhase;
			buildActionMask = 2147483647;
			files = (
			);
			runOnlyForDeploymentPostprocessing = 0;
		};
/* End PBXFrameworksBuildPhase section */

/* Begin PBXGroup section */
		F635683A2D08A7FF004DA3AD = {
			isa = PBXGroup;
			children = (
				F63568452D08A7FF004DA3AD /* GraffitiCraft */,
				F635685C2D08A800004DA3AD /* GraffitiCraftTests */,
				F63568662D08A800004DA3AD /* GraffitiCraftUITests */,
				F63568442D08A7FF004DA3AD /* Products */,
			);
			sourceTree = "<group>";
		};
		F63568442D08A7FF004DA3AD /* Products */ = {
			isa = PBXGroup;
			children = (
				F63568432D08A7FF004DA3AD /* GraffitiCraft.app */,
				F63568592D08A800004DA3AD /* GraffitiCraftTests.xctest */,
				F63568632D08A800004DA3AD /* GraffitiCraftUITests.xctest */,
			);
			name = Products;
			sourceTree = "<group>";
		};
/* End PBXGroup section */

/* Begin PBXNativeTarget section */
		F63568422D08A7FF004DA3AD /* GraffitiCraft */ = {
			isa = PBXNativeTarget;
			buildConfigurationList = F635686C2D08A800004DA3AD /* Build configuration list for PBXNativeTarget "GraffitiCraft" */;
			buildPhases = (
				F635683F2D08A7FF004DA3AD /* Sources */,
				F63568402D08A7FF004DA3AD /* Frameworks */,
				F63568412D08A7FF004DA3AD /* Resources */,
			);
			buildRules = (
			);
			dependencies = (
			);
			fileSystemSynchronizedGroups = (
				F63568452D08A7FF004DA3AD /* GraffitiCraft */,
			);
			name = GraffitiCraft;
			packageProductDependencies = (
			);
			productName = GraffitiCraft;
			productReference = F63568432D08A7FF004DA3AD /* GraffitiCraft.app */;
			productType = "com.apple.product-type.application";
		};
		F63568582D08A800004DA3AD /* GraffitiCraftTests */ = {
			isa = PBXNativeTarget;
			buildConfigurationList = F63568712D08A800004DA3AD /* Build configuration list for PBXNativeTarget "GraffitiCraftTests" */;
			buildPhases = (
				F63568552D08A800004DA3AD /* Sources */,
				F63568562D08A800004DA3AD /* Frameworks */,
				F63568572D08A800004DA3AD /* Resources */,
			);
			buildRules = (
			);
			dependencies = (
				F635685B2D08A800004DA3AD /* PBXTargetDependency */,
			);
			fileSystemSynchronizedGroups = (
				F635685C2D08A800004DA3AD /* GraffitiCraftTests */,
			);
			name = GraffitiCraftTests;
			packageProductDependencies = (
			);
			productName = GraffitiCraftTests;
			productReference = F63568592D08A800004DA3AD /* GraffitiCraftTests.xctest */;
			productType = "com.apple.product-type.bundle.unit-test";
		};
		F63568622D08A800004DA3AD /* GraffitiCraftUITests */ = {
			isa = PBXNativeTarget;
			buildConfigurationList = F63568742D08A800004DA3AD /* Build configuration list for PBXNativeTarget "GraffitiCraftUITests" */;
			buildPhases = (
				F635685F2D08A800004DA3AD /* Sources */,
				F63568602D08A800004DA3AD /* Frameworks */,
				F63568612D08A800004DA3AD /* Resources */,
			);
			buildRules = (
			);
			dependencies = (
				F63568652D08A800004DA3AD /* PBXTargetDependency */,
			);
			fileSystemSynchronizedGroups = (
				F63568662D08A800004DA3AD /* GraffitiCraftUITests */,
			);
			name = GraffitiCraftUITests;
			packageProductDependencies = (
			);
			productName = GraffitiCraftUITests;
			productReference = F63568632D08A800004DA3AD /* GraffitiCraftUITests.xctest */;
			productType = "com.apple.product-type.bundle.ui-testing";
		};
/* End PBXNativeTarget section */

/* Begin PBXProject section */
		F635683B2D08A7FF004DA3AD /* Project object */ = {
			isa = PBXProject;
			attributes = {
				BuildIndependentTargetsInParallel = 1;
				LastSwiftUpdateCheck = 1600;
				LastUpgradeCheck = 1600;
				TargetAttributes = {
					F63568422D08A7FF004DA3AD = {
						CreatedOnToolsVersion = 16.0;
					};
					F63568582D08A800004DA3AD = {
						CreatedOnToolsVersion = 16.0;
						TestTargetID = F63568422D08A7FF004DA3AD;
					};
					F63568622D08A800004DA3AD = {
						CreatedOnToolsVersion = 16.0;
						TestTargetID = F63568422D08A7FF004DA3AD;
					};
				};
			};
			buildConfigurationList = F635683E2D08A7FF004DA3AD /* Build configuration list for PBXProject "GraffitiCraft" */;
			developmentRegion = en;
			hasScannedForEncodings = 0;
			knownRegions = (
				en,
				Base,
			);
			mainGroup = F635683A2D08A7FF004DA3AD;
			minimizedProjectReferenceProxies = 1;
			preferredProjectObjectVersion = 77;
			productRefGroup = F63568442D08A7FF004DA3AD /* Products */;
			projectDirPath = "";
			projectRoot = "";
			targets = (
				F63568422D08A7FF004DA3AD /* GraffitiCraft */,
				F63568582D08A800004DA3AD /* GraffitiCraftTests */,
				F63568622D08A800004DA3AD /* GraffitiCraftUITests */,
			);
		};
/* End PBXProject section */

/* Begin PBXResourcesBuildPhase section */
		F63568412D08A7FF004DA3AD /* Resources */ = {
			isa = PBXResourcesBuildPhase;
			buildActionMask = 2147483647;
			files = (
			);
			runOnlyForDeploymentPostprocessing = 0;
		};
		F63568572D08A800004DA3AD /* Resources */ = {
			isa = PBXResourcesBuildPhase;
			buildActionMask = 2147483647;
			files = (
			);
			runOnlyForDeploymentPostprocessing = 0;
		};
		F63568612D08A800004DA3AD /* Resources */ = {
			isa = PBXResourcesBuildPhase;
			buildActionMask = 2147483647;
			files = (
			);
			runOnlyForDeploymentPostprocessing = 0;
		};
/* End PBXResourcesBuildPhase section */

/* Begin PBXSourcesBuildPhase section */
		F635683F2D08A7FF004DA3AD /* Sources */ = {
			isa = PBXSourcesBuildPhase;
			buildActionMask = 2147483647;
			files = (
			);
			runOnlyForDeploymentPostprocessing = 0;
		};
		F63568552D08A800004DA3AD /* Sources */ = {
			isa = PBXSourcesBuildPhase;
			buildActionMask = 2147483647;
			files = (
			);
			runOnlyForDeploymentPostprocessing = 0;
		};
		F635685F2D08A800004DA3AD /* Sources */ = {
			isa = PBXSourcesBuildPhase;
			buildActionMask = 2147483647;
			files = (
			);
			runOnlyForDeploymentPostprocessing = 0;
		};
/* End PBXSourcesBuildPhase section */

/* Begin PBXTargetDependency section */
		F635685B2D08A800004DA3AD /* PBXTargetDependency */ = {
			isa = PBXTargetDependency;
			target = F63568422D08A7FF004DA3AD /* GraffitiCraft */;
			targetProxy = F635685A2D08A800004DA3AD /* PBXContainerItemProxy */;
		};
		F63568652D08A800004DA3AD /* PBXTargetDependency */ = {
			isa = PBXTargetDependency;
			target = F63568422D08A7FF004DA3AD /* GraffitiCraft */;
			targetProxy = F63568642D08A800004DA3AD /* PBXContainerItemProxy */;
		};
/* End PBXTargetDependency section */

/* Begin XCBuildConfiguration section */
		F635686D2D08A800004DA3AD /* Debug */ = {
			isa = XCBuildConfiguration;
			buildSettings = {
				ASSETCATALOG_COMPILER_APPICON_NAME = AppIcon;
				ASSETCATALOG_COMPILER_GLOBAL_ACCENT_COLOR_NAME = AccentColor;
				CODE_SIGN_STYLE = Automatic;
				CURRENT_PROJECT_VERSION = 1;
				DEVELOPMENT_TEAM = 49V8Q5W76J;
				GENERATE_INFOPLIST_FILE = YES;
				INFOPLIST_FILE = GraffitiCraft/Info.plist;
				INFOPLIST_KEY_NSCameraUsageDescription = "";
				INFOPLIST_KEY_NSLocalNetworkUsageDescription = "";
				INFOPLIST_KEY_NSPhotoLibraryAddUsageDescription = "";
				INFOPLIST_KEY_UIApplicationSupportsIndirectInputEvents = YES;
				INFOPLIST_KEY_UILaunchStoryboardName = LaunchScreen;
				INFOPLIST_KEY_UIMainStoryboardFile = Main;
				INFOPLIST_KEY_UIStatusBarHidden = YES;
				INFOPLIST_KEY_UISupportedInterfaceOrientations_iPad = "UIInterfaceOrientationPortrait UIInterfaceOrientationPortraitUpsideDown UIInterfaceOrientationLandscapeLeft UIInterfaceOrientationLandscapeRight";
				INFOPLIST_KEY_UISupportedInterfaceOrientations_iPhone = "UIInterfaceOrientationPortrait UIInterfaceOrientationLandscapeLeft UIInterfaceOrientationLandscapeRight";
				LD_RUNPATH_SEARCH_PATHS = (
					"$(inherited)",
					"@executable_path/Frameworks",
				);
				MARKETING_VERSION = 1.0;
				PRODUCT_BUNDLE_IDENTIFIER = Nakama.GraffitiCraft;
				PRODUCT_NAME = "$(TARGET_NAME)";
				SWIFT_EMIT_LOC_STRINGS = YES;
				SWIFT_VERSION = 5.0;
				TARGETED_DEVICE_FAMILY = "1,2";
			};
			name = Debug;
		};
		F635686E2D08A800004DA3AD /* Release */ = {
			isa = XCBuildConfiguration;
			buildSettings = {
				ASSETCATALOG_COMPILER_APPICON_NAME = AppIcon;
				ASSETCATALOG_COMPILER_GLOBAL_ACCENT_COLOR_NAME = AccentColor;
				CODE_SIGN_STYLE = Automatic;
				CURRENT_PROJECT_VERSION = 1;
				DEVELOPMENT_TEAM = 49V8Q5W76J;
				GENERATE_INFOPLIST_FILE = YES;
				INFOPLIST_FILE = GraffitiCraft/Info.plist;
				INFOPLIST_KEY_NSCameraUsageDescription = "";
				INFOPLIST_KEY_NSLocalNetworkUsageDescription = "";
				INFOPLIST_KEY_NSPhotoLibraryAddUsageDescription = "";
				INFOPLIST_KEY_UIApplicationSupportsIndirectInputEvents = YES;
				INFOPLIST_KEY_UILaunchStoryboardName = LaunchScreen;
				INFOPLIST_KEY_UIMainStoryboardFile = Main;
				INFOPLIST_KEY_UIStatusBarHidden = YES;
				INFOPLIST_KEY_UISupportedInterfaceOrientations_iPad = "UIInterfaceOrientationPortrait UIInterfaceOrientationPortraitUpsideDown UIInterfaceOrientationLandscapeLeft UIInterfaceOrientationLandscapeRight";
				INFOPLIST_KEY_UISupportedInterfaceOrientations_iPhone = "UIInterfaceOrientationPortrait UIInterfaceOrientationLandscapeLeft UIInterfaceOrientationLandscapeRight";
				LD_RUNPATH_SEARCH_PATHS = (
					"$(inherited)",
					"@executable_path/Frameworks",
				);
				MARKETING_VERSION = 1.0;
				PRODUCT_BUNDLE_IDENTIFIER = Nakama.GraffitiCraft;
				PRODUCT_NAME = "$(TARGET_NAME)";
				SWIFT_EMIT_LOC_STRINGS = YES;
				SWIFT_VERSION = 5.0;
				TARGETED_DEVICE_FAMILY = "1,2";
			};
			name = Release;
		};
		F635686F2D08A800004DA3AD /* Debug */ = {
			isa = XCBuildConfiguration;
			buildSettings = {
				ALWAYS_SEARCH_USER_PATHS = NO;
				ASSETCATALOG_COMPILER_GENERATE_SWIFT_ASSET_SYMBOL_EXTENSIONS = YES;
				CLANG_ANALYZER_NONNULL = YES;
				CLANG_ANALYZER_NUMBER_OBJECT_CONVERSION = YES_AGGRESSIVE;
				CLANG_CXX_LANGUAGE_STANDARD = "gnu++20";
				CLANG_ENABLE_MODULES = YES;
				CLANG_ENABLE_OBJC_ARC = YES;
				CLANG_ENABLE_OBJC_WEAK = YES;
				CLANG_WARN_BLOCK_CAPTURE_AUTORELEASING = YES;
				CLANG_WARN_BOOL_CONVERSION = YES;
				CLANG_WARN_COMMA = YES;
				CLANG_WARN_CONSTANT_CONVERSION = YES;
				CLANG_WARN_DEPRECATED_OBJC_IMPLEMENTATIONS = YES;
				CLANG_WARN_DIRECT_OBJC_ISA_USAGE = YES_ERROR;
				CLANG_WARN_DOCUMENTATION_COMMENTS = YES;
				CLANG_WARN_EMPTY_BODY = YES;
				CLANG_WARN_ENUM_CONVERSION = YES;
				CLANG_WARN_INFINITE_RECURSION = YES;
				CLANG_WARN_INT_CONVERSION = YES;
				CLANG_WARN_NON_LITERAL_NULL_CONVERSION = YES;
				CLANG_WARN_OBJC_IMPLICIT_RETAIN_SELF = YES;
				CLANG_WARN_OBJC_LITERAL_CONVERSION = YES;
				CLANG_WARN_OBJC_ROOT_CLASS = YES_ERROR;
				CLANG_WARN_QUOTED_INCLUDE_IN_FRAMEWORK_HEADER = YES;
				CLANG_WARN_RANGE_LOOP_ANALYSIS = YES;
				CLANG_WARN_STRICT_PROTOTYPES = YES;
				CLANG_WARN_SUSPICIOUS_MOVE = YES;
				CLANG_WARN_UNGUARDED_AVAILABILITY = YES_AGGRESSIVE;
				CLANG_WARN_UNREACHABLE_CODE = YES;
				CLANG_WARN__DUPLICATE_METHOD_MATCH = YES;
				COPY_PHASE_STRIP = NO;
				DEBUG_INFORMATION_FORMAT = dwarf;
				ENABLE_STRICT_OBJC_MSGSEND = YES;
				ENABLE_TESTABILITY = YES;
				ENABLE_USER_SCRIPT_SANDBOXING = YES;
				GCC_C_LANGUAGE_STANDARD = gnu17;
				GCC_DYNAMIC_NO_PIC = NO;
				GCC_NO_COMMON_BLOCKS = YES;
				GCC_OPTIMIZATION_LEVEL = 0;
				GCC_PREPROCESSOR_DEFINITIONS = (
					"DEBUG=1",
					"$(inherited)",
				);
				GCC_WARN_64_TO_32_BIT_CONVERSION = YES;
				GCC_WARN_ABOUT_RETURN_TYPE = YES_ERROR;
				GCC_WARN_UNDECLARED_SELECTOR = YES;
				GCC_WARN_UNINITIALIZED_AUTOS = YES_AGGRESSIVE;
				GCC_WARN_UNUSED_FUNCTION = YES;
				GCC_WARN_UNUSED_VARIABLE = YES;
				IPHONEOS_DEPLOYMENT_TARGET = 18.0;
				LOCALIZATION_PREFERS_STRING_CATALOGS = YES;
				MTL_ENABLE_DEBUG_INFO = INCLUDE_SOURCE;
				MTL_FAST_MATH = YES;
				ONLY_ACTIVE_ARCH = YES;
				SDKROOT = iphoneos;
				SWIFT_ACTIVE_COMPILATION_CONDITIONS = "DEBUG $(inherited)";
				SWIFT_OPTIMIZATION_LEVEL = "-Onone";
			};
			name = Debug;
		};
		F63568702D08A800004DA3AD /* Release */ = {
			isa = XCBuildConfiguration;
			buildSettings = {
				ALWAYS_SEARCH_USER_PATHS = NO;
				ASSETCATALOG_COMPILER_GENERATE_SWIFT_ASSET_SYMBOL_EXTENSIONS = YES;
				CLANG_ANALYZER_NONNULL = YES;
				CLANG_ANALYZER_NUMBER_OBJECT_CONVERSION = YES_AGGRESSIVE;
				CLANG_CXX_LANGUAGE_STANDARD = "gnu++20";
				CLANG_ENABLE_MODULES = YES;
				CLANG_ENABLE_OBJC_ARC = YES;
				CLANG_ENABLE_OBJC_WEAK = YES;
				CLANG_WARN_BLOCK_CAPTURE_AUTORELEASING = YES;
				CLANG_WARN_BOOL_CONVERSION = YES;
				CLANG_WARN_COMMA = YES;
				CLANG_WARN_CONSTANT_CONVERSION = YES;
				CLANG_WARN_DEPRECATED_OBJC_IMPLEMENTATIONS = YES;
				CLANG_WARN_DIRECT_OBJC_ISA_USAGE = YES_ERROR;
				CLANG_WARN_DOCUMENTATION_COMMENTS = YES;
				CLANG_WARN_EMPTY_BODY = YES;
				CLANG_WARN_ENUM_CONVERSION = YES;
				CLANG_WARN_INFINITE_RECURSION = YES;
				CLANG_WARN_INT_CONVERSION = YES;
				CLANG_WARN_NON_LITERAL_NULL_CONVERSION = YES;
				CLANG_WARN_OBJC_IMPLICIT_RETAIN_SELF = YES;
				CLANG_WARN_OBJC_LITERAL_CONVERSION = YES;
				CLANG_WARN_OBJC_ROOT_CLASS = YES_ERROR;
				CLANG_WARN_QUOTED_INCLUDE_IN_FRAMEWORK_HEADER = YES;
				CLANG_WARN_RANGE_LOOP_ANALYSIS = YES;
				CLANG_WARN_STRICT_PROTOTYPES = YES;
				CLANG_WARN_SUSPICIOUS_MOVE = YES;
				CLANG_WARN_UNGUARDED_AVAILABILITY = YES_AGGRESSIVE;
				CLANG_WARN_UNREACHABLE_CODE = YES;
				CLANG_WARN__DUPLICATE_METHOD_MATCH = YES;
				COPY_PHASE_STRIP = NO;
				DEBUG_INFORMATION_FORMAT = "dwarf-with-dsym";
				ENABLE_NS_ASSERTIONS = NO;
				ENABLE_STRICT_OBJC_MSGSEND = YES;
				ENABLE_USER_SCRIPT_SANDBOXING = YES;
				GCC_C_LANGUAGE_STANDARD = gnu17;
				GCC_NO_COMMON_BLOCKS = YES;
				GCC_WARN_64_TO_32_BIT_CONVERSION = YES;
				GCC_WARN_ABOUT_RETURN_TYPE = YES_ERROR;
				GCC_WARN_UNDECLARED_SELECTOR = YES;
				GCC_WARN_UNINITIALIZED_AUTOS = YES_AGGRESSIVE;
				GCC_WARN_UNUSED_FUNCTION = YES;
				GCC_WARN_UNUSED_VARIABLE = YES;
				IPHONEOS_DEPLOYMENT_TARGET = 18.0;
				LOCALIZATION_PREFERS_STRING_CATALOGS = YES;
				MTL_ENABLE_DEBUG_INFO = NO;
				MTL_FAST_MATH = YES;
				SDKROOT = iphoneos;
				SWIFT_COMPILATION_MODE = wholemodule;
				VALIDATE_PRODUCT = YES;
			};
			name = Release;
		};
		F63568722D08A800004DA3AD /* Debug */ = {
			isa = XCBuildConfiguration;
			buildSettings = {
				BUNDLE_LOADER = "$(TEST_HOST)";
				CODE_SIGN_STYLE = Automatic;
				CURRENT_PROJECT_VERSION = 1;
				DEVELOPMENT_TEAM = 49V8Q5W76J;
				GENERATE_INFOPLIST_FILE = YES;
				IPHONEOS_DEPLOYMENT_TARGET = 18.0;
				MARKETING_VERSION = 1.0;
				PRODUCT_BUNDLE_IDENTIFIER = Nakama.GraffitiCraftTests;
				PRODUCT_NAME = "$(TARGET_NAME)";
				SWIFT_EMIT_LOC_STRINGS = NO;
				SWIFT_VERSION = 5.0;
				TARGETED_DEVICE_FAMILY = "1,2";
				TEST_HOST = "$(BUILT_PRODUCTS_DIR)/GraffitiCraft.app/$(BUNDLE_EXECUTABLE_FOLDER_PATH)/GraffitiCraft";
			};
			name = Debug;
		};
		F63568732D08A800004DA3AD /* Release */ = {
			isa = XCBuildConfiguration;
			buildSettings = {
				BUNDLE_LOADER = "$(TEST_HOST)";
				CODE_SIGN_STYLE = Automatic;
				CURRENT_PROJECT_VERSION = 1;
				DEVELOPMENT_TEAM = 49V8Q5W76J;
				GENERATE_INFOPLIST_FILE = YES;
				IPHONEOS_DEPLOYMENT_TARGET = 18.0;
				MARKETING_VERSION = 1.0;
				PRODUCT_BUNDLE_IDENTIFIER = Nakama.GraffitiCraftTests;
				PRODUCT_NAME = "$(TARGET_NAME)";
				SWIFT_EMIT_LOC_STRINGS = NO;
				SWIFT_VERSION = 5.0;
				TARGETED_DEVICE_FAMILY = "1,2";
				TEST_HOST = "$(BUILT_PRODUCTS_DIR)/GraffitiCraft.app/$(BUNDLE_EXECUTABLE_FOLDER_PATH)/GraffitiCraft";
			};
			name = Release;
		};
		F63568752D08A800004DA3AD /* Debug */ = {
			isa = XCBuildConfiguration;
			buildSettings = {
				CODE_SIGN_STYLE = Automatic;
				CURRENT_PROJECT_VERSION = 1;
				DEVELOPMENT_TEAM = 49V8Q5W76J;
				GENERATE_INFOPLIST_FILE = YES;
				MARKETING_VERSION = 1.0;
				PRODUCT_BUNDLE_IDENTIFIER = Nakama.GraffitiCraftUITests;
				PRODUCT_NAME = "$(TARGET_NAME)";
				SWIFT_EMIT_LOC_STRINGS = NO;
				SWIFT_VERSION = 5.0;
				TARGETED_DEVICE_FAMILY = "1,2";
				TEST_TARGET_NAME = GraffitiCraft;
			};
			name = Debug;
		};
		F63568762D08A800004DA3AD /* Release */ = {
			isa = XCBuildConfiguration;
			buildSettings = {
				CODE_SIGN_STYLE = Automatic;
				CURRENT_PROJECT_VERSION = 1;
				DEVELOPMENT_TEAM = 49V8Q5W76J;
				GENERATE_INFOPLIST_FILE = YES;
				MARKETING_VERSION = 1.0;
				PRODUCT_BUNDLE_IDENTIFIER = Nakama.GraffitiCraftUITests;
				PRODUCT_NAME = "$(TARGET_NAME)";
				SWIFT_EMIT_LOC_STRINGS = NO;
				SWIFT_VERSION = 5.0;
				TARGETED_DEVICE_FAMILY = "1,2";
				TEST_TARGET_NAME = GraffitiCraft;
			};
			name = Release;
		};
/* End XCBuildConfiguration section */

/* Begin XCConfigurationList section */
		F635683E2D08A7FF004DA3AD /* Build configuration list for PBXProject "GraffitiCraft" */ = {
			isa = XCConfigurationList;
			buildConfigurations = (
				F635686F2D08A800004DA3AD /* Debug */,
				F63568702D08A800004DA3AD /* Release */,
			);
			defaultConfigurationIsVisible = 0;
			defaultConfigurationName = Release;
		};
		F635686C2D08A800004DA3AD /* Build configuration list for PBXNativeTarget "GraffitiCraft" */ = {
			isa = XCConfigurationList;
			buildConfigurations = (
				F635686D2D08A800004DA3AD /* Debug */,
				F635686E2D08A800004DA3AD /* Release */,
			);
			defaultConfigurationIsVisible = 0;
			defaultConfigurationName = Release;
		};
		F63568712D08A800004DA3AD /* Build configuration list for PBXNativeTarget "GraffitiCraftTests" */ = {
			isa = XCConfigurationList;
			buildConfigurations = (
				F63568722D08A800004DA3AD /* Debug */,
				F63568732D08A800004DA3AD /* Release */,
			);
			defaultConfigurationIsVisible = 0;
			defaultConfigurationName = Release;
		};
		F63568742D08A800004DA3AD /* Build configuration list for PBXNativeTarget "GraffitiCraftUITests" */ = {
			isa = XCConfigurationList;
			buildConfigurations = (
				F63568752D08A800004DA3AD /* Debug */,
				F63568762D08A800004DA3AD /* Release */,
			);
			defaultConfigurationIsVisible = 0;
			defaultConfigurationName = Release;
		};
/* End XCConfigurationList section */
	};
	rootObject = F635683B2D08A7FF004DA3AD /* Project object */;
}
